
Microsoft Visual Studio Solution File, Format Version 12.00
# Visual Studio 15
VisualStudioVersion = 15.0.28307.902
MinimumVisualStudioVersion = 10.0.40219.1
Project("{FAE04EC0-301F-11D3-BF4B-00C04F79EFBC}") = "GCWeb.WebForm", "GCWeb.WebForm\GCWeb.WebForm.csproj", "{A61D5208-A892-4B38-B995-6B4A64520650}"
EndProject
Global
	GlobalSection(SolutionConfigurationPlatforms) = preSolution
		Debug|Any CPU = Debug|Any CPU
		Release|Any CPU = Release|Any CPU
	EndGlobalSection
	GlobalSection(ProjectConfigurationPlatforms) = postSolution
		{A61D5208-A892-4B38-B995-6B4A64520650}.Debug|Any CPU.ActiveCfg = Debug|Any CPU
		{A61D5208-A892-4B38-B995-6B4A64520650}.Debug|Any CPU.Build.0 = Debug|Any CPU
		{A61D5208-A892-4B38-B995-6B4A64520650}.Release|Any CPU.ActiveCfg = Release|Any CPU
		{A61D5208-A892-4B38-B995-6B4A64520650}.Release|Any CPU.Build.0 = Release|Any CPU
	EndGlobalSection
	GlobalSection(SolutionProperties) = preSolution
		HideSolutionNode = FALSE
	EndGlobalSection
	GlobalSection(ExtensibilityGlobals) = postSolution
		SolutionGuid = {F4B917AB-F1E4-4545-95E7-F538E2D222F0}
	EndGlobalSection
EndGlobal
